
Microsoft Visual Studio Solution File, Format Version 12.00
# Visual Studio Version 17
VisualStudioVersion = 17.5.33530.505
MinimumVisualStudioVersion = 10.0.40219.1
Project("{FAE04EC0-301F-11D3-BF4B-00C04F79EFBC}") = "CrudAPI", "CrudAPI\CrudAPI.csproj", "{678663E9-9F01-448D-92F2-780F4F69DAAA}"
EndProject
Global
	GlobalSection(SolutionConfigurationPlatforms) = preSolution
		Debug|Any CPU = Debug|Any CPU
		Release|Any CPU = Release|Any CPU
	EndGlobalSection
	GlobalSection(ProjectConfigurationPlatforms) = postSolution
		{678663E9-9F01-448D-92F2-780F4F69DAAA}.Debug|Any CPU.ActiveCfg = Debug|Any CPU
		{678663E9-9F01-448D-92F2-780F4F69DAAA}.Debug|Any CPU.Build.0 = Debug|Any CPU
		{678663E9-9F01-448D-92F2-780F4F69DAAA}.Release|Any CPU.ActiveCfg = Release|Any CPU
		{678663E9-9F01-448D-92F2-780F4F69DAAA}.Release|Any CPU.Build.0 = Release|Any CPU
	EndGlobalSection
	GlobalSection(SolutionProperties) = preSolution
		HideSolutionNode = FALSE
	EndGlobalSection
	GlobalSection(ExtensibilityGlobals) = postSolution
		SolutionGuid = {09466C4C-9511-4F9D-81FE-F3ADEDCEBAEA}
	EndGlobalSection
EndGlobal
